
Microsoft Visual Studio Solution File, Format Version 12.00
# Visual Studio 15
VisualStudioVersion = 15.0.33026.149
MinimumVisualStudioVersion = 10.0.40219.1
Project("{FAE04EC0-301F-11D3-BF4B-00C04F79EFBC}") = "HomeworkOld", "HomeworkOld\HomeworkOld.csproj", "{AA041B93-6F2F-4890-B50A-AB437E999AE9}"
EndProject
Project("{FAE04EC0-301F-11D3-BF4B-00C04F79EFBC}") = "InnerType", "InnerType\InnerType.csproj", "{925A3BCF-ACE3-4479-9421-3B30DDC6A586}"
EndProject
Global
	GlobalSection(SolutionConfigurationPlatforms) = preSolution
		Debug|Any CPU = Debug|Any CPU
		Release|Any CPU = Release|Any CPU
	EndGlobalSection
	GlobalSection(ProjectConfigurationPlatforms) = postSolution
		{AA041B93-6F2F-4890-B50A-AB437E999AE9}.Debug|Any CPU.ActiveCfg = Debug|Any CPU
		{AA041B93-6F2F-4890-B50A-AB437E999AE9}.Debug|Any CPU.Build.0 = Debug|Any CPU
		{AA041B93-6F2F-4890-B50A-AB437E999AE9}.Release|Any CPU.ActiveCfg = Release|Any CPU
		{AA041B93-6F2F-4890-B50A-AB437E999AE9}.Release|Any CPU.Build.0 = Release|Any CPU
		{925A3BCF-ACE3-4479-9421-3B30DDC6A586}.Debug|Any CPU.ActiveCfg = Debug|Any CPU
		{925A3BCF-ACE3-4479-9421-3B30DDC6A586}.Debug|Any CPU.Build.0 = Debug|Any CPU
		{925A3BCF-ACE3-4479-9421-3B30DDC6A586}.Release|Any CPU.ActiveCfg = Release|Any CPU
		{925A3BCF-ACE3-4479-9421-3B30DDC6A586}.Release|Any CPU.Build.0 = Release|Any CPU
	EndGlobalSection
	GlobalSection(SolutionProperties) = preSolution
		HideSolutionNode = FALSE
	EndGlobalSection
	GlobalSection(ExtensibilityGlobals) = postSolution
		SolutionGuid = {EEF0CC84-5142-4181-BFA1-C7FB491016AD}
	EndGlobalSection
EndGlobal
