
Microsoft Visual Studio Solution File, Format Version 12.00
# Visual Studio 15
VisualStudioVersion = 15.0.33026.149
MinimumVisualStudioVersion = 10.0.40219.1
Project("{FAE04EC0-301F-11D3-BF4B-00C04F79EFBC}") = "Homework", "Homework\Homework.csproj", "{1DFBCA4C-4EDE-4C7C-A319-DE7F8FD57CAE}"
EndProject
Project("{FAE04EC0-301F-11D3-BF4B-00C04F79EFBC}") = "NewHomework", "NewHomework\NewHomework.csproj", "{13A11066-CED2-4BE9-9F39-2751F3827B49}"
EndProject
Global
	GlobalSection(SolutionConfigurationPlatforms) = preSolution
		Debug|Any CPU = Debug|Any CPU
		Release|Any CPU = Release|Any CPU
	EndGlobalSection
	GlobalSection(ProjectConfigurationPlatforms) = postSolution
		{1DFBCA4C-4EDE-4C7C-A319-DE7F8FD57CAE}.Debug|Any CPU.ActiveCfg = Debug|Any CPU
		{1DFBCA4C-4EDE-4C7C-A319-DE7F8FD57CAE}.Debug|Any CPU.Build.0 = Debug|Any CPU
		{1DFBCA4C-4EDE-4C7C-A319-DE7F8FD57CAE}.Release|Any CPU.ActiveCfg = Release|Any CPU
		{1DFBCA4C-4EDE-4C7C-A319-DE7F8FD57CAE}.Release|Any CPU.Build.0 = Release|Any CPU
		{13A11066-CED2-4BE9-9F39-2751F3827B49}.Debug|Any CPU.ActiveCfg = Debug|Any CPU
		{13A11066-CED2-4BE9-9F39-2751F3827B49}.Debug|Any CPU.Build.0 = Debug|Any CPU
		{13A11066-CED2-4BE9-9F39-2751F3827B49}.Release|Any CPU.ActiveCfg = Release|Any CPU
		{13A11066-CED2-4BE9-9F39-2751F3827B49}.Release|Any CPU.Build.0 = Release|Any CPU
	EndGlobalSection
	GlobalSection(SolutionProperties) = preSolution
		HideSolutionNode = FALSE
	EndGlobalSection
	GlobalSection(ExtensibilityGlobals) = postSolution
		SolutionGuid = {5A1990B4-542A-48AB-948A-5790B419812D}
	EndGlobalSection
EndGlobal
