
Microsoft Visual Studio Solution File, Format Version 12.00
# Visual Studio 15
VisualStudioVersion = 15.0.33026.149
MinimumVisualStudioVersion = 10.0.40219.1
Project("{FAE04EC0-301F-11D3-BF4B-00C04F79EFBC}") = "Homeworks", "Homeworks\Homeworks.csproj", "{C96C3115-B16B-4BE1-9AB8-BD6CA0D9214E}"
EndProject
Project("{FAE04EC0-301F-11D3-BF4B-00C04F79EFBC}") = "ChekCustomer", "ChekCustomer\ChekCustomer.csproj", "{BD46C923-2B93-4825-BD83-0C80A22A2B65}"
EndProject
Project("{FAE04EC0-301F-11D3-BF4B-00C04F79EFBC}") = "Carmagedon", "Carmagedon\Carmagedon.csproj", "{E4710AB6-F878-48D3-841F-CBF478C411EF}"
EndProject
Global
	GlobalSection(SolutionConfigurationPlatforms) = preSolution
		Debug|Any CPU = Debug|Any CPU
		Release|Any CPU = Release|Any CPU
	EndGlobalSection
	GlobalSection(ProjectConfigurationPlatforms) = postSolution
		{C96C3115-B16B-4BE1-9AB8-BD6CA0D9214E}.Debug|Any CPU.ActiveCfg = Debug|Any CPU
		{C96C3115-B16B-4BE1-9AB8-BD6CA0D9214E}.Debug|Any CPU.Build.0 = Debug|Any CPU
		{C96C3115-B16B-4BE1-9AB8-BD6CA0D9214E}.Release|Any CPU.ActiveCfg = Release|Any CPU
		{C96C3115-B16B-4BE1-9AB8-BD6CA0D9214E}.Release|Any CPU.Build.0 = Release|Any CPU
		{BD46C923-2B93-4825-BD83-0C80A22A2B65}.Debug|Any CPU.ActiveCfg = Debug|Any CPU
		{BD46C923-2B93-4825-BD83-0C80A22A2B65}.Debug|Any CPU.Build.0 = Debug|Any CPU
		{BD46C923-2B93-4825-BD83-0C80A22A2B65}.Release|Any CPU.ActiveCfg = Release|Any CPU
		{BD46C923-2B93-4825-BD83-0C80A22A2B65}.Release|Any CPU.Build.0 = Release|Any CPU
		{E4710AB6-F878-48D3-841F-CBF478C411EF}.Debug|Any CPU.ActiveCfg = Debug|Any CPU
		{E4710AB6-F878-48D3-841F-CBF478C411EF}.Debug|Any CPU.Build.0 = Debug|Any CPU
		{E4710AB6-F878-48D3-841F-CBF478C411EF}.Release|Any CPU.ActiveCfg = Release|Any CPU
		{E4710AB6-F878-48D3-841F-CBF478C411EF}.Release|Any CPU.Build.0 = Release|Any CPU
	EndGlobalSection
	GlobalSection(SolutionProperties) = preSolution
		HideSolutionNode = FALSE
	EndGlobalSection
	GlobalSection(ExtensibilityGlobals) = postSolution
		SolutionGuid = {6B0A1E2F-4DF9-44ED-ABA8-34F2869EC043}
	EndGlobalSection
EndGlobal
