
Microsoft Visual Studio Solution File, Format Version 12.00
# Visual Studio 15
VisualStudioVersion = 15.0.33026.149
MinimumVisualStudioVersion = 10.0.40219.1
Project("{FAE04EC0-301F-11D3-BF4B-00C04F79EFBC}") = "Homeworks 1", "Homeworks\Homeworks 1.csproj", "{5F1FACE4-5B1F-405C-93A0-DDAB81CEBF12}"
EndProject
Project("{FAE04EC0-301F-11D3-BF4B-00C04F79EFBC}") = "Homeworks 2", "Homeworks 2\Homeworks 2.csproj", "{154A8433-4B43-48ED-9FFB-E1BA0A5A69BE}"
EndProject
Project("{FAE04EC0-301F-11D3-BF4B-00C04F79EFBC}") = "Homeworks 3", "Homeworks 3\Homeworks 3.csproj", "{B2AEB5CF-18C3-4F72-8085-E0161F130A60}"
EndProject
Project("{FAE04EC0-301F-11D3-BF4B-00C04F79EFBC}") = "Homeworks 4", "Homeworks 4\Homeworks 4.csproj", "{085F8396-ECEE-4C94-9980-58B8792A2A14}"
EndProject
Project("{FAE04EC0-301F-11D3-BF4B-00C04F79EFBC}") = "Faktorial", "Faktorial\Faktorial.csproj", "{F3A7F07D-7A99-4C5F-9A9F-D9B50A70C687}"
EndProject
Global
	GlobalSection(SolutionConfigurationPlatforms) = preSolution
		Debug|Any CPU = Debug|Any CPU
		Release|Any CPU = Release|Any CPU
	EndGlobalSection
	GlobalSection(ProjectConfigurationPlatforms) = postSolution
		{5F1FACE4-5B1F-405C-93A0-DDAB81CEBF12}.Debug|Any CPU.ActiveCfg = Debug|Any CPU
		{5F1FACE4-5B1F-405C-93A0-DDAB81CEBF12}.Debug|Any CPU.Build.0 = Debug|Any CPU
		{5F1FACE4-5B1F-405C-93A0-DDAB81CEBF12}.Release|Any CPU.ActiveCfg = Release|Any CPU
		{5F1FACE4-5B1F-405C-93A0-DDAB81CEBF12}.Release|Any CPU.Build.0 = Release|Any CPU
		{154A8433-4B43-48ED-9FFB-E1BA0A5A69BE}.Debug|Any CPU.ActiveCfg = Debug|Any CPU
		{154A8433-4B43-48ED-9FFB-E1BA0A5A69BE}.Debug|Any CPU.Build.0 = Debug|Any CPU
		{154A8433-4B43-48ED-9FFB-E1BA0A5A69BE}.Release|Any CPU.ActiveCfg = Release|Any CPU
		{154A8433-4B43-48ED-9FFB-E1BA0A5A69BE}.Release|Any CPU.Build.0 = Release|Any CPU
		{B2AEB5CF-18C3-4F72-8085-E0161F130A60}.Debug|Any CPU.ActiveCfg = Debug|Any CPU
		{B2AEB5CF-18C3-4F72-8085-E0161F130A60}.Debug|Any CPU.Build.0 = Debug|Any CPU
		{B2AEB5CF-18C3-4F72-8085-E0161F130A60}.Release|Any CPU.ActiveCfg = Release|Any CPU
		{B2AEB5CF-18C3-4F72-8085-E0161F130A60}.Release|Any CPU.Build.0 = Release|Any CPU
		{085F8396-ECEE-4C94-9980-58B8792A2A14}.Debug|Any CPU.ActiveCfg = Debug|Any CPU
		{085F8396-ECEE-4C94-9980-58B8792A2A14}.Debug|Any CPU.Build.0 = Debug|Any CPU
		{085F8396-ECEE-4C94-9980-58B8792A2A14}.Release|Any CPU.ActiveCfg = Release|Any CPU
		{085F8396-ECEE-4C94-9980-58B8792A2A14}.Release|Any CPU.Build.0 = Release|Any CPU
		{F3A7F07D-7A99-4C5F-9A9F-D9B50A70C687}.Debug|Any CPU.ActiveCfg = Debug|Any CPU
		{F3A7F07D-7A99-4C5F-9A9F-D9B50A70C687}.Debug|Any CPU.Build.0 = Debug|Any CPU
		{F3A7F07D-7A99-4C5F-9A9F-D9B50A70C687}.Release|Any CPU.ActiveCfg = Release|Any CPU
		{F3A7F07D-7A99-4C5F-9A9F-D9B50A70C687}.Release|Any CPU.Build.0 = Release|Any CPU
	EndGlobalSection
	GlobalSection(SolutionProperties) = preSolution
		HideSolutionNode = FALSE
	EndGlobalSection
	GlobalSection(ExtensibilityGlobals) = postSolution
		SolutionGuid = {6212D3CF-628F-4A14-8B0C-972EAC944CDB}
	EndGlobalSection
EndGlobal
