
Microsoft Visual Studio Solution File, Format Version 12.00
# Visual Studio 15
VisualStudioVersion = 15.0.33026.149
MinimumVisualStudioVersion = 10.0.40219.1
Project("{FAE04EC0-301F-11D3-BF4B-00C04F79EFBC}") = "HomeWork3", "HomeWork2\HomeWork3.csproj", "{8FB416A6-BD6C-4F33-9BC4-FDAC1FDC8E5B}"
EndProject
Project("{FAE04EC0-301F-11D3-BF4B-00C04F79EFBC}") = "Homeworks4", "Homeworks4\Homeworks4.csproj", "{81D5E172-B4FF-4659-8DC2-43EE2D1314D3}"
EndProject
Project("{FAE04EC0-301F-11D3-BF4B-00C04F79EFBC}") = "SayiAlVeGonder", "SayiAlVeGonder\SayiAlVeGonder.csproj", "{204A1135-351E-491F-8C79-A29518ED5BC1}"
EndProject
Global
	GlobalSection(SolutionConfigurationPlatforms) = preSolution
		Debug|Any CPU = Debug|Any CPU
		Release|Any CPU = Release|Any CPU
	EndGlobalSection
	GlobalSection(ProjectConfigurationPlatforms) = postSolution
		{8FB416A6-BD6C-4F33-9BC4-FDAC1FDC8E5B}.Debug|Any CPU.ActiveCfg = Debug|Any CPU
		{8FB416A6-BD6C-4F33-9BC4-FDAC1FDC8E5B}.Debug|Any CPU.Build.0 = Debug|Any CPU
		{8FB416A6-BD6C-4F33-9BC4-FDAC1FDC8E5B}.Release|Any CPU.ActiveCfg = Release|Any CPU
		{8FB416A6-BD6C-4F33-9BC4-FDAC1FDC8E5B}.Release|Any CPU.Build.0 = Release|Any CPU
		{81D5E172-B4FF-4659-8DC2-43EE2D1314D3}.Debug|Any CPU.ActiveCfg = Debug|Any CPU
		{81D5E172-B4FF-4659-8DC2-43EE2D1314D3}.Debug|Any CPU.Build.0 = Debug|Any CPU
		{81D5E172-B4FF-4659-8DC2-43EE2D1314D3}.Release|Any CPU.ActiveCfg = Release|Any CPU
		{81D5E172-B4FF-4659-8DC2-43EE2D1314D3}.Release|Any CPU.Build.0 = Release|Any CPU
		{204A1135-351E-491F-8C79-A29518ED5BC1}.Debug|Any CPU.ActiveCfg = Debug|Any CPU
		{204A1135-351E-491F-8C79-A29518ED5BC1}.Debug|Any CPU.Build.0 = Debug|Any CPU
		{204A1135-351E-491F-8C79-A29518ED5BC1}.Release|Any CPU.ActiveCfg = Release|Any CPU
		{204A1135-351E-491F-8C79-A29518ED5BC1}.Release|Any CPU.Build.0 = Release|Any CPU
	EndGlobalSection
	GlobalSection(SolutionProperties) = preSolution
		HideSolutionNode = FALSE
	EndGlobalSection
	GlobalSection(ExtensibilityGlobals) = postSolution
		SolutionGuid = {C22AFAA7-0981-4B4D-AD80-8545E340508B}
	EndGlobalSection
EndGlobal
