
Microsoft Visual Studio Solution File, Format Version 12.00
# Visual Studio 15
VisualStudioVersion = 15.0.33026.149
MinimumVisualStudioVersion = 10.0.40219.1
Project("{FAE04EC0-301F-11D3-BF4B-00C04F79EFBC}") = "Homewor1", "Homewor2Again\Homewor1.csproj", "{F81DDCB5-F167-40D8-86BB-37EA37D01111}"
EndProject
Project("{FAE04EC0-301F-11D3-BF4B-00C04F79EFBC}") = "Homework2again", "Homework2again\Homework2again.csproj", "{B6BF1677-8A6F-4502-AA6B-DB62452D25F1}"
EndProject
Project("{FAE04EC0-301F-11D3-BF4B-00C04F79EFBC}") = "TaskİnLesson", "TaskİnLesson\TaskİnLesson.csproj", "{300FF6A6-B180-4234-B1ED-CFF3A488C75C}"
EndProject
Project("{FAE04EC0-301F-11D3-BF4B-00C04F79EFBC}") = "task2", "task2\task2.csproj", "{42235AAF-46D9-4BCE-8882-5AD9B4FD50A0}"
EndProject
Project("{FAE04EC0-301F-11D3-BF4B-00C04F79EFBC}") = "task3", "task3\task3.csproj", "{C1A7D8FE-52BE-4DF4-8DC2-D1A7DA5C5CD3}"
EndProject
Global
	GlobalSection(SolutionConfigurationPlatforms) = preSolution
		Debug|Any CPU = Debug|Any CPU
		Release|Any CPU = Release|Any CPU
	EndGlobalSection
	GlobalSection(ProjectConfigurationPlatforms) = postSolution
		{F81DDCB5-F167-40D8-86BB-37EA37D01111}.Debug|Any CPU.ActiveCfg = Debug|Any CPU
		{F81DDCB5-F167-40D8-86BB-37EA37D01111}.Debug|Any CPU.Build.0 = Debug|Any CPU
		{F81DDCB5-F167-40D8-86BB-37EA37D01111}.Release|Any CPU.ActiveCfg = Release|Any CPU
		{F81DDCB5-F167-40D8-86BB-37EA37D01111}.Release|Any CPU.Build.0 = Release|Any CPU
		{B6BF1677-8A6F-4502-AA6B-DB62452D25F1}.Debug|Any CPU.ActiveCfg = Debug|Any CPU
		{B6BF1677-8A6F-4502-AA6B-DB62452D25F1}.Debug|Any CPU.Build.0 = Debug|Any CPU
		{B6BF1677-8A6F-4502-AA6B-DB62452D25F1}.Release|Any CPU.ActiveCfg = Release|Any CPU
		{B6BF1677-8A6F-4502-AA6B-DB62452D25F1}.Release|Any CPU.Build.0 = Release|Any CPU
		{300FF6A6-B180-4234-B1ED-CFF3A488C75C}.Debug|Any CPU.ActiveCfg = Debug|Any CPU
		{300FF6A6-B180-4234-B1ED-CFF3A488C75C}.Debug|Any CPU.Build.0 = Debug|Any CPU
		{300FF6A6-B180-4234-B1ED-CFF3A488C75C}.Release|Any CPU.ActiveCfg = Release|Any CPU
		{300FF6A6-B180-4234-B1ED-CFF3A488C75C}.Release|Any CPU.Build.0 = Release|Any CPU
		{42235AAF-46D9-4BCE-8882-5AD9B4FD50A0}.Debug|Any CPU.ActiveCfg = Debug|Any CPU
		{42235AAF-46D9-4BCE-8882-5AD9B4FD50A0}.Debug|Any CPU.Build.0 = Debug|Any CPU
		{42235AAF-46D9-4BCE-8882-5AD9B4FD50A0}.Release|Any CPU.ActiveCfg = Release|Any CPU
		{42235AAF-46D9-4BCE-8882-5AD9B4FD50A0}.Release|Any CPU.Build.0 = Release|Any CPU
		{C1A7D8FE-52BE-4DF4-8DC2-D1A7DA5C5CD3}.Debug|Any CPU.ActiveCfg = Debug|Any CPU
		{C1A7D8FE-52BE-4DF4-8DC2-D1A7DA5C5CD3}.Debug|Any CPU.Build.0 = Debug|Any CPU
		{C1A7D8FE-52BE-4DF4-8DC2-D1A7DA5C5CD3}.Release|Any CPU.ActiveCfg = Release|Any CPU
		{C1A7D8FE-52BE-4DF4-8DC2-D1A7DA5C5CD3}.Release|Any CPU.Build.0 = Release|Any CPU
	EndGlobalSection
	GlobalSection(SolutionProperties) = preSolution
		HideSolutionNode = FALSE
	EndGlobalSection
	GlobalSection(ExtensibilityGlobals) = postSolution
		SolutionGuid = {66D0D01C-60C5-4DF8-BFCA-9B6231408E67}
	EndGlobalSection
EndGlobal
