
Microsoft Visual Studio Solution File, Format Version 12.00
# Visual Studio 15
VisualStudioVersion = 15.0.33026.149
MinimumVisualStudioVersion = 10.0.40219.1
Project("{FAE04EC0-301F-11D3-BF4B-00C04F79EFBC}") = "Homwerok1", "Homwerok1\Homwerok1.csproj", "{2DC43BEF-637C-418D-AA53-1D81BCE075BE}"
EndProject
Global
	GlobalSection(SolutionConfigurationPlatforms) = preSolution
		Debug|Any CPU = Debug|Any CPU
		Release|Any CPU = Release|Any CPU
	EndGlobalSection
	GlobalSection(ProjectConfigurationPlatforms) = postSolution
		{2DC43BEF-637C-418D-AA53-1D81BCE075BE}.Debug|Any CPU.ActiveCfg = Debug|Any CPU
		{2DC43BEF-637C-418D-AA53-1D81BCE075BE}.Debug|Any CPU.Build.0 = Debug|Any CPU
		{2DC43BEF-637C-418D-AA53-1D81BCE075BE}.Release|Any CPU.ActiveCfg = Release|Any CPU
		{2DC43BEF-637C-418D-AA53-1D81BCE075BE}.Release|Any CPU.Build.0 = Release|Any CPU
	EndGlobalSection
	GlobalSection(SolutionProperties) = preSolution
		HideSolutionNode = FALSE
	EndGlobalSection
	GlobalSection(ExtensibilityGlobals) = postSolution
		SolutionGuid = {27A11E18-41B0-46A5-972F-68B301D374DE}
	EndGlobalSection
EndGlobal
