
Microsoft Visual Studio Solution File, Format Version 12.00
# Visual Studio 15
VisualStudioVersion = 15.0.33026.149
MinimumVisualStudioVersion = 10.0.40219.1
Project("{FAE04EC0-301F-11D3-BF4B-00C04F79EFBC}") = "RepeedLesson", "RepeedLesson\RepeedLesson.csproj", "{94C7B066-2450-478D-A019-724DB57CEFDB}"
EndProject
Project("{FAE04EC0-301F-11D3-BF4B-00C04F79EFBC}") = "ReadXmlFile", "ReadXmlFile\ReadXmlFile.csproj", "{69C2512B-C252-4581-B2AD-5BE8A7A342AD}"
EndProject
Project("{FAE04EC0-301F-11D3-BF4B-00C04F79EFBC}") = "RSS_Reader_App", "RSS_Reader_App\RSS_Reader_App.csproj", "{D6A1A7B9-501C-4D83-8B81-B0FB462B2AAD}"
EndProject
Project("{FAE04EC0-301F-11D3-BF4B-00C04F79EFBC}") = "Homeworks1", "Homeworks1\Homeworks1.csproj", "{7A1A4C83-2769-4B03-A49A-0378E366EB68}"
EndProject
Project("{FAE04EC0-301F-11D3-BF4B-00C04F79EFBC}") = "Homework2", "Homework2\Homework2.csproj", "{F80C35A6-1D36-425B-94DA-C0B800B347D5}"
EndProject
Project("{FAE04EC0-301F-11D3-BF4B-00C04F79EFBC}") = "Practice_JSON", "Practice_JSON\Practice_JSON.csproj", "{5D569A01-417D-4488-B8AA-C98DB4F93725}"
EndProject
Project("{FAE04EC0-301F-11D3-BF4B-00C04F79EFBC}") = "Practice_CSV", "Practice_CSV\Practice_CSV.csproj", "{EDF99683-1641-471B-AB73-255E54A9BDAD}"
EndProject
Project("{FAE04EC0-301F-11D3-BF4B-00C04F79EFBC}") = "RequestToAPI", "RequestToAPI\RequestToAPI.csproj", "{049C880E-15DD-4F22-A65A-A741DD9EEAEF}"
EndProject
Global
	GlobalSection(SolutionConfigurationPlatforms) = preSolution
		Debug|Any CPU = Debug|Any CPU
		Release|Any CPU = Release|Any CPU
	EndGlobalSection
	GlobalSection(ProjectConfigurationPlatforms) = postSolution
		{94C7B066-2450-478D-A019-724DB57CEFDB}.Debug|Any CPU.ActiveCfg = Debug|Any CPU
		{94C7B066-2450-478D-A019-724DB57CEFDB}.Debug|Any CPU.Build.0 = Debug|Any CPU
		{94C7B066-2450-478D-A019-724DB57CEFDB}.Release|Any CPU.ActiveCfg = Release|Any CPU
		{94C7B066-2450-478D-A019-724DB57CEFDB}.Release|Any CPU.Build.0 = Release|Any CPU
		{69C2512B-C252-4581-B2AD-5BE8A7A342AD}.Debug|Any CPU.ActiveCfg = Debug|Any CPU
		{69C2512B-C252-4581-B2AD-5BE8A7A342AD}.Debug|Any CPU.Build.0 = Debug|Any CPU
		{69C2512B-C252-4581-B2AD-5BE8A7A342AD}.Release|Any CPU.ActiveCfg = Release|Any CPU
		{69C2512B-C252-4581-B2AD-5BE8A7A342AD}.Release|Any CPU.Build.0 = Release|Any CPU
		{D6A1A7B9-501C-4D83-8B81-B0FB462B2AAD}.Debug|Any CPU.ActiveCfg = Debug|Any CPU
		{D6A1A7B9-501C-4D83-8B81-B0FB462B2AAD}.Debug|Any CPU.Build.0 = Debug|Any CPU
		{D6A1A7B9-501C-4D83-8B81-B0FB462B2AAD}.Release|Any CPU.ActiveCfg = Release|Any CPU
		{D6A1A7B9-501C-4D83-8B81-B0FB462B2AAD}.Release|Any CPU.Build.0 = Release|Any CPU
		{7A1A4C83-2769-4B03-A49A-0378E366EB68}.Debug|Any CPU.ActiveCfg = Debug|Any CPU
		{7A1A4C83-2769-4B03-A49A-0378E366EB68}.Debug|Any CPU.Build.0 = Debug|Any CPU
		{7A1A4C83-2769-4B03-A49A-0378E366EB68}.Release|Any CPU.ActiveCfg = Release|Any CPU
		{7A1A4C83-2769-4B03-A49A-0378E366EB68}.Release|Any CPU.Build.0 = Release|Any CPU
		{F80C35A6-1D36-425B-94DA-C0B800B347D5}.Debug|Any CPU.ActiveCfg = Debug|Any CPU
		{F80C35A6-1D36-425B-94DA-C0B800B347D5}.Debug|Any CPU.Build.0 = Debug|Any CPU
		{F80C35A6-1D36-425B-94DA-C0B800B347D5}.Release|Any CPU.ActiveCfg = Release|Any CPU
		{F80C35A6-1D36-425B-94DA-C0B800B347D5}.Release|Any CPU.Build.0 = Release|Any CPU
		{5D569A01-417D-4488-B8AA-C98DB4F93725}.Debug|Any CPU.ActiveCfg = Debug|Any CPU
		{5D569A01-417D-4488-B8AA-C98DB4F93725}.Debug|Any CPU.Build.0 = Debug|Any CPU
		{5D569A01-417D-4488-B8AA-C98DB4F93725}.Release|Any CPU.ActiveCfg = Release|Any CPU
		{5D569A01-417D-4488-B8AA-C98DB4F93725}.Release|Any CPU.Build.0 = Release|Any CPU
		{EDF99683-1641-471B-AB73-255E54A9BDAD}.Debug|Any CPU.ActiveCfg = Debug|Any CPU
		{EDF99683-1641-471B-AB73-255E54A9BDAD}.Debug|Any CPU.Build.0 = Debug|Any CPU
		{EDF99683-1641-471B-AB73-255E54A9BDAD}.Release|Any CPU.ActiveCfg = Release|Any CPU
		{EDF99683-1641-471B-AB73-255E54A9BDAD}.Release|Any CPU.Build.0 = Release|Any CPU
		{049C880E-15DD-4F22-A65A-A741DD9EEAEF}.Debug|Any CPU.ActiveCfg = Debug|Any CPU
		{049C880E-15DD-4F22-A65A-A741DD9EEAEF}.Debug|Any CPU.Build.0 = Debug|Any CPU
		{049C880E-15DD-4F22-A65A-A741DD9EEAEF}.Release|Any CPU.ActiveCfg = Release|Any CPU
		{049C880E-15DD-4F22-A65A-A741DD9EEAEF}.Release|Any CPU.Build.0 = Release|Any CPU
	EndGlobalSection
	GlobalSection(SolutionProperties) = preSolution
		HideSolutionNode = FALSE
	EndGlobalSection
	GlobalSection(ExtensibilityGlobals) = postSolution
		SolutionGuid = {EBC2C98A-97F4-4932-AEFA-4762FB7245BB}
	EndGlobalSection
EndGlobal
